// !$*UTF8*$!
{
	archiveVersion = 1;
	classes = {
	};
	objectVersion = 50;
	objects = {

/* Begin PBXBuildFile section */
		D97E236424434F9A0010383F /* AppDelegate.swift in Sources */ = {isa = PBXBuildFile; fileRef = D97E236324434F9A0010383F /* AppDelegate.swift */; };
		D97E236624434F9B0010383F /* SceneDelegate.swift in Sources */ = {isa = PBXBuildFile; fileRef = D97E236524434F9B0010383F /* SceneDelegate.swift */; };
		D97E236824434F9B0010383F /* ContentView.swift in Sources */ = {isa = PBXBuildFile; fileRef = D97E236724434F9B0010383F /* ContentView.swift */; };
		D97E236A24434F9C0010383F /* Assets.xcassets in Resources */ = {isa = PBXBuildFile; fileRef = D97E236924434F9C0010383F /* Assets.xcassets */; };
		D97E236D24434F9C0010383F /* Preview Assets.xcassets in Resources */ = {isa = PBXBuildFile; fileRef = D97E236C24434F9C0010383F /* Preview Assets.xcassets */; };
		D97E237024434F9C0010383F /* LaunchScreen.storyboard in Resources */ = {isa = PBXBuildFile; fileRef = D97E236E24434F9C0010383F /* LaunchScreen.storyboard */; };
		D97E237B24434F9C0010383F /* SwiftUI_CalculatorTests.swift in Sources */ = {isa = PBXBuildFile; fileRef = D97E237A24434F9C0010383F /* SwiftUI_CalculatorTests.swift */; };
/* End PBXBuildFile section */

/* Begin PBXContainerItemProxy section */
		D97E237724434F9C0010383F /* PBXContainerItemProxy */ = {
			isa = PBXContainerItemProxy;
			containerPortal = D97E235824434F9A0010383F /* Project object */;
			proxyType = 1;
			remoteGlobalIDString = D97E235F24434F9A0010383F;
			remoteInfo = "SwiftUI-Calculator";
		};
/* End PBXContainerItemProxy section */

/* Begin PBXFileReference section */
		D97E236024434F9A0010383F /* SwiftUI-Calculator.app */ = {isa = PBXFileReference; explicitFileType = wrapper.application; includeInIndex = 0; path = "SwiftUI-Calculator.app"; sourceTree = BUILT_PRODUCTS_DIR; };
		D97E236324434F9A0010383F /* AppDelegate.swift */ = {isa = PBXFileReference; lastKnownFileType = sourcecode.swift; path = AppDelegate.swift; sourceTree = "<group>"; };
		D97E236524434F9B0010383F /* SceneDelegate.swift */ = {isa = PBXFileReference; lastKnownFileType = sourcecode.swift; path = SceneDelegate.swift; sourceTree = "<group>"; };
		D97E236724434F9B0010383F /* ContentView.swift */ = {isa = PBXFileReference; lastKnownFileType = sourcecode.swift; path = ContentView.swift; sourceTree = "<group>"; };
		D97E236924434F9C0010383F /* Assets.xcassets */ = {isa = PBXFileReference; lastKnownFileType = folder.assetcatalog; path = Assets.xcassets; sourceTree = "<group>"; };
		D97E236C24434F9C0010383F /* Preview Assets.xcassets */ = {isa = PBXFileReference; lastKnownFileType = folder.assetcatalog; path = "Preview Assets.xcassets"; sourceTree = "<group>"; };
		D97E236F24434F9C0010383F /* Base */ = {isa = PBXFileReference; lastKnownFileType = file.storyboard; name = Base; path = Base.lproj/LaunchScreen.storyboard; sourceTree = "<group>"; };
		D97E237124434F9C0010383F /* Info.plist */ = {isa = PBXFileReference; lastKnownFileType = text.plist.xml; path = Info.plist; sourceTree = "<group>"; };
		D97E237624434F9C0010383F /* SwiftUI-CalculatorTests.xctest */ = {isa = PBXFileReference; explicitFileType = wrapper.cfbundle; includeInIndex = 0; path = "SwiftUI-CalculatorTests.xctest"; sourceTree = BUILT_PRODUCTS_DIR; };
		D97E237A24434F9C0010383F /* SwiftUI_CalculatorTests.swift */ = {isa = PBXFileReference; lastKnownFileType = sourcecode.swift; path = SwiftUI_CalculatorTests.swift; sourceTree = "<group>"; };
		D97E237C24434F9C0010383F /* Info.plist */ = {isa = PBXFileReference; lastKnownFileType = text.plist.xml; path = Info.plist; sourceTree = "<group>"; };
/* End PBXFileReference section */

/* Begin PBXFrameworksBuildPhase section */
		D97E235D24434F9A0010383F /* Frameworks */ = {
			isa = PBXFrameworksBuildPhase;
			buildActionMask = 2147483647;
			files = (
			);
			runOnlyForDeploymentPostprocessing = 0;
		};
		D97E237324434F9C0010383F /* Frameworks */ = {
			isa = PBXFrameworksBuildPhase;
			buildActionMask = 2147483647;
			files = (
			);
			runOnlyForDeploymentPostprocessing = 0;
		};
/* End PBXFrameworksBuildPhase section */

/* Begin PBXGroup section */
		D97E235724434F9A0010383F = {
			isa = PBXGroup;
			children = (
				D97E236224434F9A0010383F /* SwiftUI-Calculator */,
				D97E237924434F9C0010383F /* SwiftUI-CalculatorTests */,
				D97E236124434F9A0010383F /* Products */,
			);
			sourceTree = "<group>";
		};
		D97E236124434F9A0010383F /* Products */ = {
			isa = PBXGroup;
			children = (
				D97E236024434F9A0010383F /* SwiftUI-Calculator.app */,
				D97E237624434F9C0010383F /* SwiftUI-CalculatorTests.xctest */,
			);
			name = Products;
			sourceTree = "<group>";
		};
		D97E236224434F9A0010383F /* SwiftUI-Calculator */ = {
			isa = PBXGroup;
			children = (
				D97E236324434F9A0010383F /* AppDelegate.swift */,
				D97E236524434F9B0010383F /* SceneDelegate.swift */,
				D97E236724434F9B0010383F /* ContentView.swift */,
				D97E236924434F9C0010383F /* Assets.xcassets */,
				D97E236E24434F9C0010383F /* LaunchScreen.storyboard */,
				D97E237124434F9C0010383F /* Info.plist */,
				D97E236B24434F9C0010383F /* Preview Content */,
			);
			path = "SwiftUI-Calculator";
			sourceTree = "<group>";
		};
		D97E236B24434F9C0010383F /* Preview Content */ = {
			isa = PBXGroup;
			children = (
				D97E236C24434F9C0010383F /* Preview Assets.xcassets */,
			);
			path = "Preview Content";
			sourceTree = "<group>";
		};
		D97E237924434F9C0010383F /* SwiftUI-CalculatorTests */ = {
			isa = PBXGroup;
			children = (
				D97E237A24434F9C0010383F /* SwiftUI_CalculatorTests.swift */,
				D97E237C24434F9C0010383F /* Info.plist */,
			);
			path = "SwiftUI-CalculatorTests";
			sourceTree = "<group>";
		};
/* End PBXGroup section */

/* Begin PBXNativeTarget section */
		D97E235F24434F9A0010383F /* SwiftUI-Calculator */ = {
			isa = PBXNativeTarget;
			buildConfigurationList = D97E237F24434F9C0010383F /* Build configuration list for PBXNativeTarget "SwiftUI-Calculator" */;
			buildPhases = (
				D97E235C24434F9A0010383F /* Sources */,
				D97E235D24434F9A0010383F /* Frameworks */,
				D97E235E24434F9A0010383F /* Resources */,
			);
			buildRules = (
			);
			dependencies = (
			);
			name = "SwiftUI-Calculator";
			productName = "SwiftUI-Calculator";
			productReference = D97E236024434F9A0010383F /* SwiftUI-Calculator.app */;
			productType = "com.apple.product-type.application";
		};
		D97E237524434F9C0010383F /* SwiftUI-CalculatorTests */ = {
			isa = PBXNativeTarget;
			buildConfigurationList = D97E238224434F9C0010383F /* Build configuration list for PBXNativeTarget "SwiftUI-CalculatorTests" */;
			buildPhases = (
				D97E237224434F9C0010383F /* Sources */,
				D97E237324434F9C0010383F /* Frameworks */,
				D97E237424434F9C0010383F /* Resources */,
			);
			buildRules = (
			);
			dependencies = (
				D97E237824434F9C0010383F /* PBXTargetDependency */,
			);
			name = "SwiftUI-CalculatorTests";
			productName = "SwiftUI-CalculatorTests";
			productReference = D97E237624434F9C0010383F /* SwiftUI-CalculatorTests.xctest */;
			productType = "com.apple.product-type.bundle.unit-test";
		};
/* End PBXNativeTarget section */

/* Begin PBXProject section */
		D97E235824434F9A0010383F /* Project object */ = {
			isa = PBXProject;
			attributes = {
				LastSwiftUpdateCheck = 1130;
				LastUpgradeCheck = 1130;
				ORGANIZATIONNAME = MohamedAENasser;
				TargetAttributes = {
					D97E235F24434F9A0010383F = {
						CreatedOnToolsVersion = 11.3.1;
					};
					D97E237524434F9C0010383F = {
						CreatedOnToolsVersion = 11.3.1;
						TestTargetID = D97E235F24434F9A0010383F;
					};
				};
			};
			buildConfigurationList = D97E235B24434F9A0010383F /* Build configuration list for PBXProject "SwiftUI-Calculator" */;
			compatibilityVersion = "Xcode 9.3";
			developmentRegion = en;
			hasScannedForEncodings = 0;
			knownRegions = (
				en,
				Base,
			);
			mainGroup = D97E235724434F9A0010383F;
			productRefGroup = D97E236124434F9A0010383F /* Products */;
			projectDirPath = "";
			projectRoot = "";
			targets = (
				D97E235F24434F9A0010383F /* SwiftUI-Calculator */,
				D97E237524434F9C0010383F /* SwiftUI-CalculatorTests */,
			);
		};
/* End PBXProject section */

/* Begin PBXResourcesBuildPhase section */
		D97E235E24434F9A0010383F /* Resources */ = {
			isa = PBXResourcesBuildPhase;
			buildActionMask = 2147483647;
			files = (
				D97E237024434F9C0010383F /* LaunchScreen.storyboard in Resources */,
				D97E236D24434F9C0010383F /* Preview Assets.xcassets in Resources */,
				D97E236A24434F9C0010383F /* Assets.xcassets in Resources */,
			);
			runOnlyForDeploymentPostprocessing = 0;
		};
		D97E237424434F9C0010383F /* Resources */ = {
			isa = PBXResourcesBuildPhase;
			buildActionMask = 2147483647;
			files = (
			);
			runOnlyForDeploymentPostprocessing = 0;
		};
/* End PBXResourcesBuildPhase section */

/* Begin PBXSourcesBuildPhase section */
		D97E235C24434F9A0010383F /* Sources */ = {
			isa = PBXSourcesBuildPhase;
			buildActionMask = 2147483647;
			files = (
				D97E236424434F9A0010383F /* AppDelegate.swift in Sources */,
				D97E236624434F9B0010383F /* SceneDelegate.swift in Sources */,
				D97E236824434F9B0010383F /* ContentView.swift in Sources */,
			);
			runOnlyForDeploymentPostprocessing = 0;
		};
		D97E237224434F9C0010383F /* Sources */ = {
			isa = PBXSourcesBuildPhase;
			buildActionMask = 2147483647;
			files = (
				D97E237B24434F9C0010383F /* SwiftUI_CalculatorTests.swift in Sources */,
			);
			runOnlyForDeploymentPostprocessing = 0;
		};
/* End PBXSourcesBuildPhase section */

/* Begin PBXTargetDependency section */
		D97E237824434F9C0010383F /* PBXTargetDependency */ = {
			isa = PBXTargetDependency;
			target = D97E235F24434F9A0010383F /* SwiftUI-Calculator */;
			targetProxy = D97E237724434F9C0010383F /* PBXContainerItemProxy */;
		};
/* End PBXTargetDependency section */

/* Begin PBXVariantGroup section */
		D97E236E24434F9C0010383F /* LaunchScreen.storyboard */ = {
			isa = PBXVariantGroup;
			children = (
				D97E236F24434F9C0010383F /* Base */,
			);
			name = LaunchScreen.storyboard;
			sourceTree = "<group>";
		};
/* End PBXVariantGroup section */

/* Begin XCBuildConfiguration section */
		D97E237D24434F9C0010383F /* Debug */ = {
			isa = XCBuildConfiguration;
			buildSettings = {
				ALWAYS_SEARCH_USER_PATHS = NO;
				CLANG_ANALYZER_NONNULL = YES;
				CLANG_ANALYZER_NUMBER_OBJECT_CONVERSION = YES_AGGRESSIVE;
				CLANG_CXX_LANGUAGE_STANDARD = "gnu++14";
				CLANG_CXX_LIBRARY = "libc++";
				CLANG_ENABLE_MODULES = YES;
				CLANG_ENABLE_OBJC_ARC = YES;
				CLANG_ENABLE_OBJC_WEAK = YES;
				CLANG_WARN_BLOCK_CAPTURE_AUTORELEASING = YES;
				CLANG_WARN_BOOL_CONVERSION = YES;
				CLANG_WARN_COMMA = YES;
				CLANG_WARN_CONSTANT_CONVERSION = YES;
				CLANG_WARN_DEPRECATED_OBJC_IMPLEMENTATIONS = YES;
				CLANG_WARN_DIRECT_OBJC_ISA_USAGE = YES_ERROR;
				CLANG_WARN_DOCUMENTATION_COMMENTS = YES;
				CLANG_WARN_EMPTY_BODY = YES;
				CLANG_WARN_ENUM_CONVERSION = YES;
				CLANG_WARN_INFINITE_RECURSION = YES;
				CLANG_WARN_INT_CONVERSION = YES;
				CLANG_WARN_NON_LITERAL_NULL_CONVERSION = YES;
				CLANG_WARN_OBJC_IMPLICIT_RETAIN_SELF = YES;
				CLANG_WARN_OBJC_LITERAL_CONVERSION = YES;
				CLANG_WARN_OBJC_ROOT_CLASS = YES_ERROR;
				CLANG_WARN_RANGE_LOOP_ANALYSIS = YES;
				CLANG_WARN_STRICT_PROTOTYPES = YES;
				CLANG_WARN_SUSPICIOUS_MOVE = YES;
				CLANG_WARN_UNGUARDED_AVAILABILITY = YES_AGGRESSIVE;
				CLANG_WARN_UNREACHABLE_CODE = YES;
				CLANG_WARN__DUPLICATE_METHOD_MATCH = YES;
				COPY_PHASE_STRIP = NO;
				DEBUG_INFORMATION_FORMAT = dwarf;
				ENABLE_STRICT_OBJC_MSGSEND = YES;
				ENABLE_TESTABILITY = YES;
				GCC_C_LANGUAGE_STANDARD = gnu11;
				GCC_DYNAMIC_NO_PIC = NO;
				GCC_NO_COMMON_BLOCKS = YES;
				GCC_OPTIMIZATION_LEVEL = 0;
				GCC_PREPROCESSOR_DEFINITIONS = (
					"DEBUG=1",
					"$(inherited)",
				);
				GCC_WARN_64_TO_32_BIT_CONVERSION = YES;
				GCC_WARN_ABOUT_RETURN_TYPE = YES_ERROR;
				GCC_WARN_UNDECLARED_SELECTOR = YES;
				GCC_WARN_UNINITIALIZED_AUTOS = YES_AGGRESSIVE;
				GCC_WARN_UNUSED_FUNCTION = YES;
				GCC_WARN_UNUSED_VARIABLE = YES;
				IPHONEOS_DEPLOYMENT_TARGET = 13.2;
				MTL_ENABLE_DEBUG_INFO = INCLUDE_SOURCE;
				MTL_FAST_MATH = YES;
				ONLY_ACTIVE_ARCH = YES;
				SDKROOT = iphoneos;
				SWIFT_ACTIVE_COMPILATION_CONDITIONS = DEBUG;
				SWIFT_OPTIMIZATION_LEVEL = "-Onone";
			};
			name = Debug;
		};
		D97E237E24434F9C0010383F /* Release */ = {
			isa = XCBuildConfiguration;
			buildSettings = {
				ALWAYS_SEARCH_USER_PATHS = NO;
				CLANG_ANALYZER_NONNULL = YES;
				CLANG_ANALYZER_NUMBER_OBJECT_CONVERSION = YES_AGGRESSIVE;
				CLANG_CXX_LANGUAGE_STANDARD = "gnu++14";
				CLANG_CXX_LIBRARY = "libc++";
				CLANG_ENABLE_MODULES = YES;
				CLANG_ENABLE_OBJC_ARC = YES;
				CLANG_ENABLE_OBJC_WEAK = YES;
				CLANG_WARN_BLOCK_CAPTURE_AUTORELEASING = YES;
				CLANG_WARN_BOOL_CONVERSION = YES;
				CLANG_WARN_COMMA = YES;
				CLANG_WARN_CONSTANT_CONVERSION = YES;
				CLANG_WARN_DEPRECATED_OBJC_IMPLEMENTATIONS = YES;
				CLANG_WARN_DIRECT_OBJC_ISA_USAGE = YES_ERROR;
				CLANG_WARN_DOCUMENTATION_COMMENTS = YES;
				CLANG_WARN_EMPTY_BODY = YES;
				CLANG_WARN_ENUM_CONVERSION = YES;
				CLANG_WARN_INFINITE_RECURSION = YES;
				CLANG_WARN_INT_CONVERSION = YES;
				CLANG_WARN_NON_LITERAL_NULL_CONVERSION = YES;
				CLANG_WARN_OBJC_IMPLICIT_RETAIN_SELF = YES;
				CLANG_WARN_OBJC_LITERAL_CONVERSION = YES;
				CLANG_WARN_OBJC_ROOT_CLASS = YES_ERROR;
				CLANG_WARN_RANGE_LOOP_ANALYSIS = YES;
				CLANG_WARN_STRICT_PROTOTYPES = YES;
				CLANG_WARN_SUSPICIOUS_MOVE = YES;
				CLANG_WARN_UNGUARDED_AVAILABILITY = YES_AGGRESSIVE;
				CLANG_WARN_UNREACHABLE_CODE = YES;
				CLANG_WARN__DUPLICATE_METHOD_MATCH = YES;
				COPY_PHASE_STRIP = NO;
				DEBUG_INFORMATION_FORMAT = "dwarf-with-dsym";
				ENABLE_NS_ASSERTIONS = NO;
				ENABLE_STRICT_OBJC_MSGSEND = YES;
				GCC_C_LANGUAGE_STANDARD = gnu11;
				GCC_NO_COMMON_BLOCKS = YES;
				GCC_WARN_64_TO_32_BIT_CONVERSION = YES;
				GCC_WARN_ABOUT_RETURN_TYPE = YES_ERROR;
				GCC_WARN_UNDECLARED_SELECTOR = YES;
				GCC_WARN_UNINITIALIZED_AUTOS = YES_AGGRESSIVE;
				GCC_WARN_UNUSED_FUNCTION = YES;
				GCC_WARN_UNUSED_VARIABLE = YES;
				IPHONEOS_DEPLOYMENT_TARGET = 13.2;
				MTL_ENABLE_DEBUG_INFO = NO;
				MTL_FAST_MATH = YES;
				SDKROOT = iphoneos;
				SWIFT_COMPILATION_MODE = wholemodule;
				SWIFT_OPTIMIZATION_LEVEL = "-O";
				VALIDATE_PRODUCT = YES;
			};
			name = Release;
		};
		D97E238024434F9C0010383F /* Debug */ = {
			isa = XCBuildConfiguration;
			buildSettings = {
				ASSETCATALOG_COMPILER_APPICON_NAME = AppIcon;
				CODE_SIGN_STYLE = Automatic;
				DEVELOPMENT_ASSET_PATHS = "\"SwiftUI-Calculator/Preview Content\"";
				ENABLE_PREVIEWS = YES;
				INFOPLIST_FILE = "SwiftUI-Calculator/Info.plist";
				LD_RUNPATH_SEARCH_PATHS = (
					"$(inherited)",
					"@executable_path/Frameworks",
				);
				PRODUCT_BUNDLE_IDENTIFIER = "MohamedAENasser.SwiftUI-Calculator";
				PRODUCT_NAME = "$(TARGET_NAME)";
				SWIFT_VERSION = 5.0;
				TARGETED_DEVICE_FAMILY = "1,2";
			};
			name = Debug;
		};
		D97E238124434F9C0010383F /* Release */ = {
			isa = XCBuildConfiguration;
			buildSettings = {
				ASSETCATALOG_COMPILER_APPICON_NAME = AppIcon;
				CODE_SIGN_STYLE = Automatic;
				DEVELOPMENT_ASSET_PATHS = "\"SwiftUI-Calculator/Preview Content\"";
				ENABLE_PREVIEWS = YES;
				INFOPLIST_FILE = "SwiftUI-Calculator/Info.plist";
				LD_RUNPATH_SEARCH_PATHS = (
					"$(inherited)",
					"@executable_path/Frameworks",
				);
				PRODUCT_BUNDLE_IDENTIFIER = "MohamedAENasser.SwiftUI-Calculator";
				PRODUCT_NAME = "$(TARGET_NAME)";
				SWIFT_VERSION = 5.0;
				TARGETED_DEVICE_FAMILY = "1,2";
			};
			name = Release;
		};
		D97E238324434F9C0010383F /* Debug */ = {
			isa = XCBuildConfiguration;
			buildSettings = {
				ALWAYS_EMBED_SWIFT_STANDARD_LIBRARIES = YES;
				BUNDLE_LOADER = "$(TEST_HOST)";
				CODE_SIGN_STYLE = Automatic;
				INFOPLIST_FILE = "SwiftUI-CalculatorTests/Info.plist";
				IPHONEOS_DEPLOYMENT_TARGET = 13.2;
				LD_RUNPATH_SEARCH_PATHS = (
					"$(inherited)",
					"@executable_path/Frameworks",
					"@loader_path/Frameworks",
				);
				PRODUCT_BUNDLE_IDENTIFIER = "MohamedAENasser.SwiftUI-CalculatorTests";
				PRODUCT_NAME = "$(TARGET_NAME)";
				SWIFT_VERSION = 5.0;
				TARGETED_DEVICE_FAMILY = "1,2";
				TEST_HOST = "$(BUILT_PRODUCTS_DIR)/SwiftUI-Calculator.app/SwiftUI-Calculator";
			};
			name = Debug;
		};
		D97E238424434F9C0010383F /* Release */ = {
			isa = XCBuildConfiguration;
			buildSettings = {
				ALWAYS_EMBED_SWIFT_STANDARD_LIBRARIES = YES;
				BUNDLE_LOADER = "$(TEST_HOST)";
				CODE_SIGN_STYLE = Automatic;
				INFOPLIST_FILE = "SwiftUI-CalculatorTests/Info.plist";
				IPHONEOS_DEPLOYMENT_TARGET = 13.2;
				LD_RUNPATH_SEARCH_PATHS = (
					"$(inherited)",
					"@executable_path/Frameworks",
					"@loader_path/Frameworks",
				);
				PRODUCT_BUNDLE_IDENTIFIER = "MohamedAENasser.SwiftUI-CalculatorTests";
				PRODUCT_NAME = "$(TARGET_NAME)";
				SWIFT_VERSION = 5.0;
				TARGETED_DEVICE_FAMILY = "1,2";
				TEST_HOST = "$(BUILT_PRODUCTS_DIR)/SwiftUI-Calculator.app/SwiftUI-Calculator";
			};
			name = Release;
		};
/* End XCBuildConfiguration section */

/* Begin XCConfigurationList section */
		D97E235B24434F9A0010383F /* Build configuration list for PBXProject "SwiftUI-Calculator" */ = {
			isa = XCConfigurationList;
			buildConfigurations = (
				D97E237D24434F9C0010383F /* Debug */,
				D97E237E24434F9C0010383F /* Release */,
			);
			defaultConfigurationIsVisible = 0;
			defaultConfigurationName = Release;
		};
		D97E237F24434F9C0010383F /* Build configuration list for PBXNativeTarget "SwiftUI-Calculator" */ = {
			isa = XCConfigurationList;
			buildConfigurations = (
				D97E238024434F9C0010383F /* Debug */,
				D97E238124434F9C0010383F /* Release */,
			);
			defaultConfigurationIsVisible = 0;
			defaultConfigurationName = Release;
		};
		D97E238224434F9C0010383F /* Build configuration list for PBXNativeTarget "SwiftUI-CalculatorTests" */ = {
			isa = XCConfigurationList;
			buildConfigurations = (
				D97E238324434F9C0010383F /* Debug */,
				D97E238424434F9C0010383F /* Release */,
			);
			defaultConfigurationIsVisible = 0;
			defaultConfigurationName = Release;
		};
/* End XCConfigurationList section */
	};
	rootObject = D97E235824434F9A0010383F /* Project object */;
}
